
Microsoft Visual Studio Solution File, Format Version 12.00
Project("{FAE04EC0-301F-11D3-BF4B-00C04F79EFBC}") = "DBAudit.Web", "src/DBAudit.Web\DBAudit.Web.csproj", "{75717886-53D0-4A47-92EB-A5D6F0A59B51}"
EndProject
Project("{2150E333-8FDC-42A3-9474-1A3956D46DE8}") = "Solution Items", "Solution Items", "{4BE5D0F1-B245-4455-B11C-61745559A42C}"
	ProjectSection(SolutionItems) = preProject
		Index.html = Index.html
		docker\compose.yaml = docker\compose.yaml
		docker\SqlServerDockerCompose.yml = docker\SqlServerDockerCompose.yml
		Scripts\AttachUser.sql = Scripts\AttachUser.sql
		Scripts\CreateUser.sql = Scripts\CreateUser.sql
		Scripts\Grant.sql = Scripts\Grant.sql
	EndProjectSection
EndProject
Project("{FAE04EC0-301F-11D3-BF4B-00C04F79EFBC}") = "DBAudit.Infrastructure", "src/DBAudit.Infrastructure\DBAudit.Infrastructure.csproj", "{96BC6144-7F73-4E01-AB7A-70A1DDFBB28B}"
EndProject
Project("{FAE04EC0-301F-11D3-BF4B-00C04F79EFBC}") = "DBAudit.Infrastructure.Queue", "src/DBAudit.Infrastructure.Queue\DBAudit.Infrastructure.Queue.csproj", "{2DEA138C-8AC1-4D70-84C4-6C4E77DC35BD}"
EndProject
Project("{FAE04EC0-301F-11D3-BF4B-00C04F79EFBC}") = "DBAudit.Infrastructure.Queue.Channels", "src/DBAudit.Infrastructure.Queue.Channels\DBAudit.Infrastructure.Queue.Channels.csproj", "{F49E60A8-18DF-4F6D-8FBD-FFF6B56F7D04}"
EndProject
Project("{FAE04EC0-301F-11D3-BF4B-00C04F79EFBC}") = "DBAudit.Infrastructure.DatabaseProvider", "src/DBAudit.Infrastructure.DatabaseProvider\DBAudit.Infrastructure.DatabaseProvider.csproj", "{65FDD07E-450E-44B8-962E-391A10355C6A}"
EndProject
Project("{FAE04EC0-301F-11D3-BF4B-00C04F79EFBC}") = "DBAudit.Infrastructure.DatabaseProvider.SqlServer", "src/DBAudit.Infrastructure.DatabaseProvider.SqlServer\DBAudit.Infrastructure.DatabaseProvider.SqlServer.csproj", "{B0CD0E5D-928B-42DE-8174-1EC9A6CDFF24}"
EndProject
Project("{2150E333-8FDC-42A3-9474-1A3956D46DE8}") = "Analyzer", "Analyzer", "{CD19F0B3-BC0A-4269-94CE-1AD684A066E3}"
EndProject
Project("{2150E333-8FDC-42A3-9474-1A3956D46DE8}") = "DatabaseProvider", "DatabaseProvider", "{0AC1E1CC-D085-418C-AD76-02646DC0BEAD}"
EndProject
Project("{2150E333-8FDC-42A3-9474-1A3956D46DE8}") = "Queue", "Queue", "{6EA169CF-86F7-4FE5-A614-AF68EB586C16}"
EndProject
Project("{2150E333-8FDC-42A3-9474-1A3956D46DE8}") = "Command", "Command", "{E2C8EC41-44B6-49B9-A9BD-0BF382BA0F12}"
EndProject
Project("{FAE04EC0-301F-11D3-BF4B-00C04F79EFBC}") = "DBAudit.Infrastructure.Command", "src/DBAudit.Infrastructure.Command\DBAudit.Infrastructure.Command.csproj", "{7D9D5B73-CB54-4798-BD18-966A97A62A3B}"
EndProject
Project("{2150E333-8FDC-42A3-9474-1A3956D46DE8}") = "Storage", "Storage", "{EA107DD3-6528-45BB-A58D-6CEA20589E4D}"
EndProject
Project("{FAE04EC0-301F-11D3-BF4B-00C04F79EFBC}") = "DBAudit.Infrastructure.Storage", "src/DBAudit.Infrastructure.Storage\DBAudit.Infrastructure.Storage.csproj", "{1B895053-9CA6-411F-969C-C048B446353B}"
EndProject
Project("{FAE04EC0-301F-11D3-BF4B-00C04F79EFBC}") = "DBAudit.Infrastructure.Contracts", "src/DBAudit.Infrastructure.Contracts\DBAudit.Infrastructure.Contracts.csproj", "{8E6B1568-848A-4796-8483-C97477761FF0}"
EndProject
Project("{FAE04EC0-301F-11D3-BF4B-00C04F79EFBC}") = "DBAudit.Infrastructure.Storage.Binary", "src/DBAudit.Infrastructure.Storage.Binary\DBAudit.Infrastructure.Storage.Binary.csproj", "{9C7B9668-A2CC-4EFD-AD4B-0B3769BB0046}"
EndProject
Project("{FAE04EC0-301F-11D3-BF4B-00C04F79EFBC}") = "DBAudit.Application", "src/DBAudit.Application\DBAudit.Application.csproj", "{5C82408A-EF92-401E-B01F-D9D916C7D13D}"
EndProject
Project("{FAE04EC0-301F-11D3-BF4B-00C04F79EFBC}") = "DBAudit.Analyzer", "src\DBAudit.Analyzer\DBAudit.Analyzer.csproj", "{140A738E-71AA-4B91-BC6B-6820AEB209C9}"
EndProject
Project("{FAE04EC0-301F-11D3-BF4B-00C04F79EFBC}") = "DBAudit.Analyzer.Database", "src\DBAudit.Analyzer.Database\DBAudit.Analyzer.Database.csproj", "{4401BE2A-051F-4FF0-B105-B6BCC1EC4C17}"
EndProject
Project("{FAE04EC0-301F-11D3-BF4B-00C04F79EFBC}") = "DBAudit.Analyzer.Table", "src\DBAudit.Analyzer.Table\DBAudit.Analyzer.Table.csproj", "{3F9CA104-3063-431F-ACB4-EEEF93C4FEEF}"
EndProject
Project("{FAE04EC0-301F-11D3-BF4B-00C04F79EFBC}") = "DBAudit.Infrastructure.Storage.SqlLite", "src\DBAudit.Infrastructure.Storage.SqlLite\DBAudit.Infrastructure.Storage.SqlLite.csproj", "{59C159FF-C881-4FF6-9B4F-30083AE729A1}"
EndProject
Global
	GlobalSection(SolutionConfigurationPlatforms) = preSolution
		Debug|Any CPU = Debug|Any CPU
		Release|Any CPU = Release|Any CPU
	EndGlobalSection
	GlobalSection(ProjectConfigurationPlatforms) = postSolution
		{75717886-53D0-4A47-92EB-A5D6F0A59B51}.Debug|Any CPU.ActiveCfg = Debug|Any CPU
		{75717886-53D0-4A47-92EB-A5D6F0A59B51}.Debug|Any CPU.Build.0 = Debug|Any CPU
		{75717886-53D0-4A47-92EB-A5D6F0A59B51}.Release|Any CPU.ActiveCfg = Release|Any CPU
		{75717886-53D0-4A47-92EB-A5D6F0A59B51}.Release|Any CPU.Build.0 = Release|Any CPU
		{96BC6144-7F73-4E01-AB7A-70A1DDFBB28B}.Debug|Any CPU.ActiveCfg = Debug|Any CPU
		{96BC6144-7F73-4E01-AB7A-70A1DDFBB28B}.Debug|Any CPU.Build.0 = Debug|Any CPU
		{96BC6144-7F73-4E01-AB7A-70A1DDFBB28B}.Release|Any CPU.ActiveCfg = Release|Any CPU
		{96BC6144-7F73-4E01-AB7A-70A1DDFBB28B}.Release|Any CPU.Build.0 = Release|Any CPU
		{2DEA138C-8AC1-4D70-84C4-6C4E77DC35BD}.Debug|Any CPU.ActiveCfg = Debug|Any CPU
		{2DEA138C-8AC1-4D70-84C4-6C4E77DC35BD}.Debug|Any CPU.Build.0 = Debug|Any CPU
		{2DEA138C-8AC1-4D70-84C4-6C4E77DC35BD}.Release|Any CPU.ActiveCfg = Release|Any CPU
		{2DEA138C-8AC1-4D70-84C4-6C4E77DC35BD}.Release|Any CPU.Build.0 = Release|Any CPU
		{F49E60A8-18DF-4F6D-8FBD-FFF6B56F7D04}.Debug|Any CPU.ActiveCfg = Debug|Any CPU
		{F49E60A8-18DF-4F6D-8FBD-FFF6B56F7D04}.Debug|Any CPU.Build.0 = Debug|Any CPU
		{F49E60A8-18DF-4F6D-8FBD-FFF6B56F7D04}.Release|Any CPU.ActiveCfg = Release|Any CPU
		{F49E60A8-18DF-4F6D-8FBD-FFF6B56F7D04}.Release|Any CPU.Build.0 = Release|Any CPU
		{65FDD07E-450E-44B8-962E-391A10355C6A}.Debug|Any CPU.ActiveCfg = Debug|Any CPU
		{65FDD07E-450E-44B8-962E-391A10355C6A}.Debug|Any CPU.Build.0 = Debug|Any CPU
		{65FDD07E-450E-44B8-962E-391A10355C6A}.Release|Any CPU.ActiveCfg = Release|Any CPU
		{65FDD07E-450E-44B8-962E-391A10355C6A}.Release|Any CPU.Build.0 = Release|Any CPU
		{B0CD0E5D-928B-42DE-8174-1EC9A6CDFF24}.Debug|Any CPU.ActiveCfg = Debug|Any CPU
		{B0CD0E5D-928B-42DE-8174-1EC9A6CDFF24}.Debug|Any CPU.Build.0 = Debug|Any CPU
		{B0CD0E5D-928B-42DE-8174-1EC9A6CDFF24}.Release|Any CPU.ActiveCfg = Release|Any CPU
		{B0CD0E5D-928B-42DE-8174-1EC9A6CDFF24}.Release|Any CPU.Build.0 = Release|Any CPU
		{7D9D5B73-CB54-4798-BD18-966A97A62A3B}.Debug|Any CPU.ActiveCfg = Debug|Any CPU
		{7D9D5B73-CB54-4798-BD18-966A97A62A3B}.Debug|Any CPU.Build.0 = Debug|Any CPU
		{7D9D5B73-CB54-4798-BD18-966A97A62A3B}.Release|Any CPU.ActiveCfg = Release|Any CPU
		{7D9D5B73-CB54-4798-BD18-966A97A62A3B}.Release|Any CPU.Build.0 = Release|Any CPU
		{1B895053-9CA6-411F-969C-C048B446353B}.Debug|Any CPU.ActiveCfg = Debug|Any CPU
		{1B895053-9CA6-411F-969C-C048B446353B}.Debug|Any CPU.Build.0 = Debug|Any CPU
		{1B895053-9CA6-411F-969C-C048B446353B}.Release|Any CPU.ActiveCfg = Release|Any CPU
		{1B895053-9CA6-411F-969C-C048B446353B}.Release|Any CPU.Build.0 = Release|Any CPU
		{8E6B1568-848A-4796-8483-C97477761FF0}.Debug|Any CPU.ActiveCfg = Debug|Any CPU
		{8E6B1568-848A-4796-8483-C97477761FF0}.Debug|Any CPU.Build.0 = Debug|Any CPU
		{8E6B1568-848A-4796-8483-C97477761FF0}.Release|Any CPU.ActiveCfg = Release|Any CPU
		{8E6B1568-848A-4796-8483-C97477761FF0}.Release|Any CPU.Build.0 = Release|Any CPU
		{9C7B9668-A2CC-4EFD-AD4B-0B3769BB0046}.Debug|Any CPU.ActiveCfg = Debug|Any CPU
		{9C7B9668-A2CC-4EFD-AD4B-0B3769BB0046}.Debug|Any CPU.Build.0 = Debug|Any CPU
		{9C7B9668-A2CC-4EFD-AD4B-0B3769BB0046}.Release|Any CPU.ActiveCfg = Release|Any CPU
		{9C7B9668-A2CC-4EFD-AD4B-0B3769BB0046}.Release|Any CPU.Build.0 = Release|Any CPU
		{5C82408A-EF92-401E-B01F-D9D916C7D13D}.Debug|Any CPU.ActiveCfg = Debug|Any CPU
		{5C82408A-EF92-401E-B01F-D9D916C7D13D}.Debug|Any CPU.Build.0 = Debug|Any CPU
		{5C82408A-EF92-401E-B01F-D9D916C7D13D}.Release|Any CPU.ActiveCfg = Release|Any CPU
		{5C82408A-EF92-401E-B01F-D9D916C7D13D}.Release|Any CPU.Build.0 = Release|Any CPU
		{140A738E-71AA-4B91-BC6B-6820AEB209C9}.Debug|Any CPU.ActiveCfg = Debug|Any CPU
		{140A738E-71AA-4B91-BC6B-6820AEB209C9}.Debug|Any CPU.Build.0 = Debug|Any CPU
		{140A738E-71AA-4B91-BC6B-6820AEB209C9}.Release|Any CPU.ActiveCfg = Release|Any CPU
		{140A738E-71AA-4B91-BC6B-6820AEB209C9}.Release|Any CPU.Build.0 = Release|Any CPU
		{4401BE2A-051F-4FF0-B105-B6BCC1EC4C17}.Debug|Any CPU.ActiveCfg = Debug|Any CPU
		{4401BE2A-051F-4FF0-B105-B6BCC1EC4C17}.Debug|Any CPU.Build.0 = Debug|Any CPU
		{4401BE2A-051F-4FF0-B105-B6BCC1EC4C17}.Release|Any CPU.ActiveCfg = Release|Any CPU
		{4401BE2A-051F-4FF0-B105-B6BCC1EC4C17}.Release|Any CPU.Build.0 = Release|Any CPU
		{3F9CA104-3063-431F-ACB4-EEEF93C4FEEF}.Debug|Any CPU.ActiveCfg = Debug|Any CPU
		{3F9CA104-3063-431F-ACB4-EEEF93C4FEEF}.Debug|Any CPU.Build.0 = Debug|Any CPU
		{3F9CA104-3063-431F-ACB4-EEEF93C4FEEF}.Release|Any CPU.ActiveCfg = Release|Any CPU
		{3F9CA104-3063-431F-ACB4-EEEF93C4FEEF}.Release|Any CPU.Build.0 = Release|Any CPU
		{59C159FF-C881-4FF6-9B4F-30083AE729A1}.Debug|Any CPU.ActiveCfg = Debug|Any CPU
		{59C159FF-C881-4FF6-9B4F-30083AE729A1}.Debug|Any CPU.Build.0 = Debug|Any CPU
		{59C159FF-C881-4FF6-9B4F-30083AE729A1}.Release|Any CPU.ActiveCfg = Release|Any CPU
		{59C159FF-C881-4FF6-9B4F-30083AE729A1}.Release|Any CPU.Build.0 = Release|Any CPU
	EndGlobalSection
	GlobalSection(NestedProjects) = preSolution
		{B0CD0E5D-928B-42DE-8174-1EC9A6CDFF24} = {0AC1E1CC-D085-418C-AD76-02646DC0BEAD}
		{65FDD07E-450E-44B8-962E-391A10355C6A} = {0AC1E1CC-D085-418C-AD76-02646DC0BEAD}
		{2DEA138C-8AC1-4D70-84C4-6C4E77DC35BD} = {6EA169CF-86F7-4FE5-A614-AF68EB586C16}
		{F49E60A8-18DF-4F6D-8FBD-FFF6B56F7D04} = {6EA169CF-86F7-4FE5-A614-AF68EB586C16}
		{7D9D5B73-CB54-4798-BD18-966A97A62A3B} = {E2C8EC41-44B6-49B9-A9BD-0BF382BA0F12}
		{1B895053-9CA6-411F-969C-C048B446353B} = {EA107DD3-6528-45BB-A58D-6CEA20589E4D}
		{9C7B9668-A2CC-4EFD-AD4B-0B3769BB0046} = {EA107DD3-6528-45BB-A58D-6CEA20589E4D}
		{140A738E-71AA-4B91-BC6B-6820AEB209C9} = {CD19F0B3-BC0A-4269-94CE-1AD684A066E3}
		{4401BE2A-051F-4FF0-B105-B6BCC1EC4C17} = {CD19F0B3-BC0A-4269-94CE-1AD684A066E3}
		{3F9CA104-3063-431F-ACB4-EEEF93C4FEEF} = {CD19F0B3-BC0A-4269-94CE-1AD684A066E3}
		{59C159FF-C881-4FF6-9B4F-30083AE729A1} = {EA107DD3-6528-45BB-A58D-6CEA20589E4D}
	EndGlobalSection
EndGlobal
