
Microsoft Visual Studio Solution File, Format Version 12.00
Project("{FAE04EC0-301F-11D3-BF4B-00C04F79EFBC}") = "DBAudit.Web", "..\DBAudit.Web\DBAudit.Web.csproj", "{75717886-53D0-4A47-92EB-A5D6F0A59B51}"
EndProject
Project("{2150E333-8FDC-42A3-9474-1A3956D46DE8}") = "Solution Items", "Solution Items", "{4BE5D0F1-B245-4455-B11C-61745559A42C}"
	ProjectSection(SolutionItems) = preProject
		compose.yaml = compose.yaml
		..\readme.md = ..\readme.md
		SqlServerDockerCompose.yml = SqlServerDockerCompose.yml
		..\Scripts\CreateUser.sql = ..\Scripts\CreateUser.sql
		..\Scripts\AttachUser.sql = ..\Scripts\AttachUser.sql
		..\Scripts\Grant.sql = ..\Scripts\Grant.sql
	EndProjectSection
EndProject
Project("{FAE04EC0-301F-11D3-BF4B-00C04F79EFBC}") = "DBAudit.Infrastructure", "..\DBAudit.Infrastructure\DBAudit.Infrastructure.csproj", "{96BC6144-7F73-4E01-AB7A-70A1DDFBB28B}"
EndProject
Project("{FAE04EC0-301F-11D3-BF4B-00C04F79EFBC}") = "DBAudit.Infrastructure.SqlServer", "..\DBAudit.Infrastructure.SqlServer\DBAudit.Infrastructure.SqlServer.csproj", "{122406FC-DDCB-4F2F-9F34-6B863579E5BE}"
EndProject
Project("{FAE04EC0-301F-11D3-BF4B-00C04F79EFBC}") = "DBAudit.Analyzer.Table", "..\DBAudit.Analyzer.Table\DBAudit.Analyzer.Table.csproj", "{8A5E5FAC-F120-4374-BEC1-DBB4E4B7B139}"
EndProject
Project("{FAE04EC0-301F-11D3-BF4B-00C04F79EFBC}") = "DBAudit.Analyzer", "..\DBAudit.Analyzer\DBAudit.Analyzer.csproj", "{5372373A-CA4A-4DCF-9840-AA1F641610A3}"
EndProject
Global
	GlobalSection(SolutionConfigurationPlatforms) = preSolution
		Debug|Any CPU = Debug|Any CPU
		Release|Any CPU = Release|Any CPU
	EndGlobalSection
	GlobalSection(ProjectConfigurationPlatforms) = postSolution
		{75717886-53D0-4A47-92EB-A5D6F0A59B51}.Debug|Any CPU.ActiveCfg = Debug|Any CPU
		{75717886-53D0-4A47-92EB-A5D6F0A59B51}.Debug|Any CPU.Build.0 = Debug|Any CPU
		{75717886-53D0-4A47-92EB-A5D6F0A59B51}.Release|Any CPU.ActiveCfg = Release|Any CPU
		{75717886-53D0-4A47-92EB-A5D6F0A59B51}.Release|Any CPU.Build.0 = Release|Any CPU
		{96BC6144-7F73-4E01-AB7A-70A1DDFBB28B}.Debug|Any CPU.ActiveCfg = Debug|Any CPU
		{96BC6144-7F73-4E01-AB7A-70A1DDFBB28B}.Debug|Any CPU.Build.0 = Debug|Any CPU
		{96BC6144-7F73-4E01-AB7A-70A1DDFBB28B}.Release|Any CPU.ActiveCfg = Release|Any CPU
		{96BC6144-7F73-4E01-AB7A-70A1DDFBB28B}.Release|Any CPU.Build.0 = Release|Any CPU
		{122406FC-DDCB-4F2F-9F34-6B863579E5BE}.Debug|Any CPU.ActiveCfg = Debug|Any CPU
		{122406FC-DDCB-4F2F-9F34-6B863579E5BE}.Debug|Any CPU.Build.0 = Debug|Any CPU
		{122406FC-DDCB-4F2F-9F34-6B863579E5BE}.Release|Any CPU.ActiveCfg = Release|Any CPU
		{122406FC-DDCB-4F2F-9F34-6B863579E5BE}.Release|Any CPU.Build.0 = Release|Any CPU
		{8A5E5FAC-F120-4374-BEC1-DBB4E4B7B139}.Debug|Any CPU.ActiveCfg = Debug|Any CPU
		{8A5E5FAC-F120-4374-BEC1-DBB4E4B7B139}.Debug|Any CPU.Build.0 = Debug|Any CPU
		{8A5E5FAC-F120-4374-BEC1-DBB4E4B7B139}.Release|Any CPU.ActiveCfg = Release|Any CPU
		{8A5E5FAC-F120-4374-BEC1-DBB4E4B7B139}.Release|Any CPU.Build.0 = Release|Any CPU
		{5372373A-CA4A-4DCF-9840-AA1F641610A3}.Debug|Any CPU.ActiveCfg = Debug|Any CPU
		{5372373A-CA4A-4DCF-9840-AA1F641610A3}.Debug|Any CPU.Build.0 = Debug|Any CPU
		{5372373A-CA4A-4DCF-9840-AA1F641610A3}.Release|Any CPU.ActiveCfg = Release|Any CPU
		{5372373A-CA4A-4DCF-9840-AA1F641610A3}.Release|Any CPU.Build.0 = Release|Any CPU
	EndGlobalSection
	GlobalSection(NestedProjects) = preSolution
	EndGlobalSection
EndGlobal
